PODS:
  - IQKeyboardManagerSwift (6.3.0)
  - Kingfisher (5.8.1):
    - Kingfisher/Core (= 5.8.1)
  - Kingfisher/Core (5.8.1)
  - ReactiveCocoa (9.0.0):
    - ReactiveSwift (~> 5.0)
  - ReactiveSwift (5.0.1):
    - Result (~> 4.1)
  - Realm (3.18.0):
    - Realm/Headers (= 3.18.0)
  - Realm/Headers (3.18.0)
  - RealmSwift (3.18.0):
    - Realm (= 3.18.0)
  - Result (4.1.0)
  - SnapKit (4.2.0)
  - SnapLayout (1.9.7)
  - XLPagerTabStrip (8.1.0)

DEPENDENCIES:
  - IQKeyboardManagerSwift
  - Kingfisher (~> 5.0)
  - ReactiveCocoa (~> 9.0)
  - ReactiveSwift (~> 5.0)
  - RealmSwift (~> 3.18.0)
  - SnapKit (~> 4.0)
  - SnapLayout (= 1.9.7)
  - XLPagerTabStrip (~> 8.0)

SPEC REPOS:
  https://github.com/cocoapods/specs.git:
    - IQKeyboardManagerSwift
    - Kingfisher
    - ReactiveCocoa
    - ReactiveSwift
    - Realm
    - RealmSwift
    - Result
    - SnapKit
    - SnapLayout
    - XLPagerTabStrip

SPEC CHECKSUMS:
  IQKeyboardManagerSwift: a8228c257614af98743b4cd8584637025f36358f
  Kingfisher: de969e451c81ca6c07a454bc36fea84b8b08c3c7
  ReactiveCocoa: 29709cf0cc7502ddd04a51220e10ee0336d8bec8
  ReactiveSwift: cac20a5bbe560c5806bd29c0fccf90d03b996ac1
  Realm: 7b3d04740facf45e958a514b466a32b04f1113d6
  RealmSwift: c817b5f374668cf08f649afb05f55d92a787649c
  Result: bd966fac789cc6c1563440b348ab2598cc24d5c7
  SnapKit: fe8a619752f3f27075cc9a90244d75c6c3f27e2a
  SnapLayout: 42138ce70a8dfb09ef422937d32d576033326306
  XLPagerTabStrip: 22d4c58200d7c105e0e407ab6bfd01a5d85014be

PODFILE CHECKSUM: 6a9d0dd6f49e4521f6b8724c857f7c1185d4c9b6

COCOAPODS: 1.7.1
