// !$*UTF8*$!
{
	archiveVersion = 1;
	classes = {
	};
	objectVersion = 51;
	objects = {

/* Begin PBXBuildFile section */
		2DD319304AF142A58129E68D /* Pods_potterlyTests.framework in Frameworks */ = {isa = PBXBuildFile; fileRef = E294BB060E66F06DE700B985 /* Pods_potterlyTests.framework */; };
		4A293668E85C401410D3964B /* Pods_potterlyUITests.framework in Frameworks */ = {isa = PBXBuildFile; fileRef = 546B51802731381C44B673FD /* Pods_potterlyUITests.framework */; };
		D4A64F8CC04A612B0C2100FD /* Pods_potterly.framework in Frameworks */ = {isa = PBXBuildFile; fileRef = 95985F7D8789406AA8AE389E /* Pods_potterly.framework */; };
		D70524BE2319991000534C96 /* SabonLTStd-Bold.otf in Resources */ = {isa = PBXBuildFile; fileRef = D70524BD2319991000534C96 /* SabonLTStd-Bold.otf */; };
		D70ADA57229DA05A007AA724 /* AppDelegate.swift in Sources */ = {isa = PBXBuildFile; fileRef = D70ADA56229DA05A007AA724 /* AppDelegate.swift */; };
		D70ADA5B229DA05A007AA724 /* TabView.swift in Sources */ = {isa = PBXBuildFile; fileRef = D70ADA5A229DA05A007AA724 /* TabView.swift */; };
		D70ADA60229DA05C007AA724 /* Assets.xcassets in Resources */ = {isa = PBXBuildFile; fileRef = D70ADA5F229DA05C007AA724 /* Assets.xcassets */; };
		D70ADA6E229DA05C007AA724 /* potterlyTests.swift in Sources */ = {isa = PBXBuildFile; fileRef = D70ADA6D229DA05C007AA724 /* potterlyTests.swift */; };
		D70ADA79229DA05C007AA724 /* potterlyUITests.swift in Sources */ = {isa = PBXBuildFile; fileRef = D70ADA78229DA05C007AA724 /* potterlyUITests.swift */; };
		D7318B6422A8236E009D14A9 /* Karla-Regular.ttf in Resources */ = {isa = PBXBuildFile; fileRef = D7318B6322A82365009D14A9 /* Karla-Regular.ttf */; };
		D7318B6522A82370009D14A9 /* Karla-Bold.ttf in Resources */ = {isa = PBXBuildFile; fileRef = D7318B6222A82362009D14A9 /* Karla-Bold.ttf */; };
		D7318B7122A86312009D14A9 /* NoteCell.swift in Sources */ = {isa = PBXBuildFile; fileRef = D7318B7022A86312009D14A9 /* NoteCell.swift */; };
		D7318B7322A96AD3009D14A9 /* Extensions.swift in Sources */ = {isa = PBXBuildFile; fileRef = D7318B7222A96AD3009D14A9 /* Extensions.swift */; };
		D7318B7622A97EE8009D14A9 /* NoteDetailView.swift in Sources */ = {isa = PBXBuildFile; fileRef = D7318B7522A97EE8009D14A9 /* NoteDetailView.swift */; };
		D73CC20422A1A1E000B4A04B /* AddView.swift in Sources */ = {isa = PBXBuildFile; fileRef = D73CC20322A1A1E000B4A04B /* AddView.swift */; };
		D73CC20622A1A52A00B4A04B /* NotesTableView.swift in Sources */ = {isa = PBXBuildFile; fileRef = D73CC20522A1A52A00B4A04B /* NotesTableView.swift */; };
		D73CC20822A1A55500B4A04B /* HomeView.swift in Sources */ = {isa = PBXBuildFile; fileRef = D73CC20722A1A55500B4A04B /* HomeView.swift */; };
		D73CC20A22A1A59C00B4A04B /* DoneView.swift in Sources */ = {isa = PBXBuildFile; fileRef = D73CC20922A1A59C00B4A04B /* DoneView.swift */; };
		D786B99F22C6734500E18AB5 /* NoteCellViewModel.swift in Sources */ = {isa = PBXBuildFile; fileRef = D786B99E22C6734500E18AB5 /* NoteCellViewModel.swift */; };
		D786B9A122C6738900E18AB5 /* TableViewModel.swift in Sources */ = {isa = PBXBuildFile; fileRef = D786B9A022C6738900E18AB5 /* TableViewModel.swift */; };
		D786B9A322CCF52A00E18AB5 /* TabViewModel.swift in Sources */ = {isa = PBXBuildFile; fileRef = D786B9A222CCF52A00E18AB5 /* TabViewModel.swift */; };
		D786B9A522CD061F00E18AB5 /* NotesRealm.swift in Sources */ = {isa = PBXBuildFile; fileRef = D786B9A422CD061F00E18AB5 /* NotesRealm.swift */; };
		D786B9AA22D679E600E18AB5 /* SFMono-Medium.otf in Resources */ = {isa = PBXBuildFile; fileRef = D786B9A822D661DB00E18AB5 /* SFMono-Medium.otf */; };
		D786B9AB22D679E900E18AB5 /* SFMono-Semibold.otf in Resources */ = {isa = PBXBuildFile; fileRef = D786B9A922D661E500E18AB5 /* SFMono-Semibold.otf */; };
		D786B9B022D7E48D00E18AB5 /* InsideNoteViewModel.swift in Sources */ = {isa = PBXBuildFile; fileRef = D786B9AF22D7E48D00E18AB5 /* InsideNoteViewModel.swift */; };
		D786B9B222DD11FC00E18AB5 /* AddCeramicViewModel.swift in Sources */ = {isa = PBXBuildFile; fileRef = D786B9B122DD11FC00E18AB5 /* AddCeramicViewModel.swift */; };
		D786B9B522DE2B3800E18AB5 /* HomeViewModel.swift in Sources */ = {isa = PBXBuildFile; fileRef = D786B9B422DE2B3800E18AB5 /* HomeViewModel.swift */; };
		D786B9BD22DE2BAF00E18AB5 /* CeramicRealm.swift in Sources */ = {isa = PBXBuildFile; fileRef = D786B9BC22DE2BAF00E18AB5 /* CeramicRealm.swift */; };
		D786B9BF22DE2CFC00E18AB5 /* StageView.swift in Sources */ = {isa = PBXBuildFile; fileRef = D786B9BE22DE2CFC00E18AB5 /* StageView.swift */; };
		D786B9C122DE2D0300E18AB5 /* StageViewModel.swift in Sources */ = {isa = PBXBuildFile; fileRef = D786B9C022DE2D0300E18AB5 /* StageViewModel.swift */; };
		D786B9C522DE481200E18AB5 /* AddCeramicView.swift in Sources */ = {isa = PBXBuildFile; fileRef = D786B9C422DE481200E18AB5 /* AddCeramicView.swift */; };
		D786B9C922DF9BF000E18AB5 /* CeramicCellViewModel.swift in Sources */ = {isa = PBXBuildFile; fileRef = D786B9C822DF9BF000E18AB5 /* CeramicCellViewModel.swift */; };
		D786B9CB22DFA04400E18AB5 /* CeramicCell.swift in Sources */ = {isa = PBXBuildFile; fileRef = D786B9CA22DFA04400E18AB5 /* CeramicCell.swift */; };
		D786B9CD22E0F11200E18AB5 /* HeaderView.swift in Sources */ = {isa = PBXBuildFile; fileRef = D786B9CC22E0F11200E18AB5 /* HeaderView.swift */; };
		D786B9CF22E0F13100E18AB5 /* HeaderViewModel.swift in Sources */ = {isa = PBXBuildFile; fileRef = D786B9CE22E0F13100E18AB5 /* HeaderViewModel.swift */; };
		D7EE31E523636C7C004FDA51 /* enlargedView.swift in Sources */ = {isa = PBXBuildFile; fileRef = D7EE31E423636C7C004FDA51 /* enlargedView.swift */; };
		D7EE31E723636C96004FDA51 /* enlargedViewModel.swift in Sources */ = {isa = PBXBuildFile; fileRef = D7EE31E623636C96004FDA51 /* enlargedViewModel.swift */; };
/* End PBXBuildFile section */

/* Begin PBXContainerItemProxy section */
		D70ADA6A229DA05C007AA724 /* PBXContainerItemProxy */ = {
			isa = PBXContainerItemProxy;
			containerPortal = D70ADA4B229DA05A007AA724 /* Project object */;
			proxyType = 1;
			remoteGlobalIDString = D70ADA52229DA05A007AA724;
			remoteInfo = potterly;
		};
		D70ADA75229DA05C007AA724 /* PBXContainerItemProxy */ = {
			isa = PBXContainerItemProxy;
			containerPortal = D70ADA4B229DA05A007AA724 /* Project object */;
			proxyType = 1;
			remoteGlobalIDString = D70ADA52229DA05A007AA724;
			remoteInfo = potterly;
		};
/* End PBXContainerItemProxy section */

/* Begin PBXFileReference section */
		0DB27C20C43A86EE53E3AAFF /* Pods-potterly.debug.xcconfig */ = {isa = PBXFileReference; includeInIndex = 1; lastKnownFileType = text.xcconfig; name = "Pods-potterly.debug.xcconfig"; path = "Target Support Files/Pods-potterly/Pods-potterly.debug.xcconfig"; sourceTree = "<group>"; };
		49B28CA9EAD3041EAAB4FEEE /* Pods-potterlyUITests.debug.xcconfig */ = {isa = PBXFileReference; includeInIndex = 1; lastKnownFileType = text.xcconfig; name = "Pods-potterlyUITests.debug.xcconfig"; path = "Target Support Files/Pods-potterlyUITests/Pods-potterlyUITests.debug.xcconfig"; sourceTree = "<group>"; };
		546B51802731381C44B673FD /* Pods_potterlyUITests.framework */ = {isa = PBXFileReference; explicitFileType = wrapper.framework; includeInIndex = 0; path = Pods_potterlyUITests.framework; sourceTree = BUILT_PRODUCTS_DIR; };
		8B3699060465E8B1DA885483 /* Pods-potterlyTests.release.xcconfig */ = {isa = PBXFileReference; includeInIndex = 1; lastKnownFileType = text.xcconfig; name = "Pods-potterlyTests.release.xcconfig"; path = "Target Support Files/Pods-potterlyTests/Pods-potterlyTests.release.xcconfig"; sourceTree = "<group>"; };
		95985F7D8789406AA8AE389E /* Pods_potterly.framework */ = {isa = PBXFileReference; explicitFileType = wrapper.framework; includeInIndex = 0; path = Pods_potterly.framework; sourceTree = BUILT_PRODUCTS_DIR; };
		BC7AEFD2A3C96C51C2099710 /* Pods-potterly.release.xcconfig */ = {isa = PBXFileReference; includeInIndex = 1; lastKnownFileType = text.xcconfig; name = "Pods-potterly.release.xcconfig"; path = "Target Support Files/Pods-potterly/Pods-potterly.release.xcconfig"; sourceTree = "<group>"; };
		C131AFB8CFBB976B5C0CDBE0 /* Pods-potterlyUITests.release.xcconfig */ = {isa = PBXFileReference; includeInIndex = 1; lastKnownFileType = text.xcconfig; name = "Pods-potterlyUITests.release.xcconfig"; path = "Target Support Files/Pods-potterlyUITests/Pods-potterlyUITests.release.xcconfig"; sourceTree = "<group>"; };
		D70524BD2319991000534C96 /* SabonLTStd-Bold.otf */ = {isa = PBXFileReference; lastKnownFileType = file; path = "SabonLTStd-Bold.otf"; sourceTree = "<group>"; };
		D70ADA53229DA05A007AA724 /* potterly.app */ = {isa = PBXFileReference; explicitFileType = wrapper.application; includeInIndex = 0; path = potterly.app; sourceTree = BUILT_PRODUCTS_DIR; };
		D70ADA56229DA05A007AA724 /* AppDelegate.swift */ = {isa = PBXFileReference; lastKnownFileType = sourcecode.swift; path = AppDelegate.swift; sourceTree = "<group>"; };
		D70ADA5A229DA05A007AA724 /* TabView.swift */ = {isa = PBXFileReference; lastKnownFileType = sourcecode.swift; path = TabView.swift; sourceTree = "<group>"; };
		D70ADA5F229DA05C007AA724 /* Assets.xcassets */ = {isa = PBXFileReference; lastKnownFileType = folder.assetcatalog; path = Assets.xcassets; sourceTree = "<group>"; };
		D70ADA64229DA05C007AA724 /* Info.plist */ = {isa = PBXFileReference; lastKnownFileType = text.plist.xml; path = Info.plist; sourceTree = "<group>"; };
		D70ADA69229DA05C007AA724 /* potterlyTests.xctest */ = {isa = PBXFileReference; explicitFileType = wrapper.cfbundle; includeInIndex = 0; path = potterlyTests.xctest; sourceTree = BUILT_PRODUCTS_DIR; };
		D70ADA6D229DA05C007AA724 /* potterlyTests.swift */ = {isa = PBXFileReference; lastKnownFileType = sourcecode.swift; path = potterlyTests.swift; sourceTree = "<group>"; };
		D70ADA6F229DA05C007AA724 /* Info.plist */ = {isa = PBXFileReference; lastKnownFileType = text.plist.xml; path = Info.plist; sourceTree = "<group>"; };
		D70ADA74229DA05C007AA724 /* potterlyUITests.xctest */ = {isa = PBXFileReference; explicitFileType = wrapper.cfbundle; includeInIndex = 0; path = potterlyUITests.xctest; sourceTree = BUILT_PRODUCTS_DIR; };
		D70ADA78229DA05C007AA724 /* potterlyUITests.swift */ = {isa = PBXFileReference; lastKnownFileType = sourcecode.swift; path = potterlyUITests.swift; sourceTree = "<group>"; };
		D70ADA7A229DA05C007AA724 /* Info.plist */ = {isa = PBXFileReference; lastKnownFileType = text.plist.xml; path = Info.plist; sourceTree = "<group>"; };
		D7318B6222A82362009D14A9 /* Karla-Bold.ttf */ = {isa = PBXFileReference; lastKnownFileType = file; path = "Karla-Bold.ttf"; sourceTree = "<group>"; };
		D7318B6322A82365009D14A9 /* Karla-Regular.ttf */ = {isa = PBXFileReference; lastKnownFileType = file; path = "Karla-Regular.ttf"; sourceTree = "<group>"; };
		D7318B7022A86312009D14A9 /* NoteCell.swift */ = {isa = PBXFileReference; lastKnownFileType = sourcecode.swift; path = NoteCell.swift; sourceTree = "<group>"; };
		D7318B7222A96AD3009D14A9 /* Extensions.swift */ = {isa = PBXFileReference; lastKnownFileType = sourcecode.swift; path = Extensions.swift; sourceTree = "<group>"; };
		D7318B7522A97EE8009D14A9 /* NoteDetailView.swift */ = {isa = PBXFileReference; lastKnownFileType = sourcecode.swift; path = NoteDetailView.swift; sourceTree = "<group>"; };
		D73CC20322A1A1E000B4A04B /* AddView.swift */ = {isa = PBXFileReference; lastKnownFileType = sourcecode.swift; path = AddView.swift; sourceTree = "<group>"; };
		D73CC20522A1A52A00B4A04B /* NotesTableView.swift */ = {isa = PBXFileReference; lastKnownFileType = sourcecode.swift; path = NotesTableView.swift; sourceTree = "<group>"; };
		D73CC20722A1A55500B4A04B /* HomeView.swift */ = {isa = PBXFileReference; lastKnownFileType = sourcecode.swift; path = HomeView.swift; sourceTree = "<group>"; };
		D73CC20922A1A59C00B4A04B /* DoneView.swift */ = {isa = PBXFileReference; lastKnownFileType = sourcecode.swift; path = DoneView.swift; sourceTree = "<group>"; };
		D786B99E22C6734500E18AB5 /* NoteCellViewModel.swift */ = {isa = PBXFileReference; lastKnownFileType = sourcecode.swift; path = NoteCellViewModel.swift; sourceTree = "<group>"; };
		D786B9A022C6738900E18AB5 /* TableViewModel.swift */ = {isa = PBXFileReference; lastKnownFileType = sourcecode.swift; path = TableViewModel.swift; sourceTree = "<group>"; };
		D786B9A222CCF52A00E18AB5 /* TabViewModel.swift */ = {isa = PBXFileReference; lastKnownFileType = sourcecode.swift; path = TabViewModel.swift; sourceTree = "<group>"; };
		D786B9A422CD061F00E18AB5 /* NotesRealm.swift */ = {isa = PBXFileReference; lastKnownFileType = sourcecode.swift; name = NotesRealm.swift; path = potterly/Realm/NotesRealm.swift; sourceTree = SOURCE_ROOT; };
		D786B9A822D661DB00E18AB5 /* SFMono-Medium.otf */ = {isa = PBXFileReference; lastKnownFileType = file; path = "SFMono-Medium.otf"; sourceTree = "<group>"; };
		D786B9A922D661E500E18AB5 /* SFMono-Semibold.otf */ = {isa = PBXFileReference; lastKnownFileType = file; path = "SFMono-Semibold.otf"; sourceTree = "<group>"; };
		D786B9AF22D7E48D00E18AB5 /* InsideNoteViewModel.swift */ = {isa = PBXFileReference; lastKnownFileType = sourcecode.swift; path = InsideNoteViewModel.swift; sourceTree = "<group>"; };
		D786B9B122DD11FC00E18AB5 /* AddCeramicViewModel.swift */ = {isa = PBXFileReference; lastKnownFileType = sourcecode.swift; path = AddCeramicViewModel.swift; sourceTree = "<group>"; };
		D786B9B422DE2B3800E18AB5 /* HomeViewModel.swift */ = {isa = PBXFileReference; lastKnownFileType = sourcecode.swift; path = HomeViewModel.swift; sourceTree = "<group>"; };
		D786B9BC22DE2BAF00E18AB5 /* CeramicRealm.swift */ = {isa = PBXFileReference; lastKnownFileType = sourcecode.swift; path = CeramicRealm.swift; sourceTree = "<group>"; };
		D786B9BE22DE2CFC00E18AB5 /* StageView.swift */ = {isa = PBXFileReference; lastKnownFileType = sourcecode.swift; path = StageView.swift; sourceTree = "<group>"; };
		D786B9C022DE2D0300E18AB5 /* StageViewModel.swift */ = {isa = PBXFileReference; lastKnownFileType = sourcecode.swift; path = StageViewModel.swift; sourceTree = "<group>"; };
		D786B9C422DE481200E18AB5 /* AddCeramicView.swift */ = {isa = PBXFileReference; lastKnownFileType = sourcecode.swift; path = AddCeramicView.swift; sourceTree = "<group>"; };
		D786B9C822DF9BF000E18AB5 /* CeramicCellViewModel.swift */ = {isa = PBXFileReference; lastKnownFileType = sourcecode.swift; path = CeramicCellViewModel.swift; sourceTree = "<group>"; };
		D786B9CA22DFA04400E18AB5 /* CeramicCell.swift */ = {isa = PBXFileReference; lastKnownFileType = sourcecode.swift; path = CeramicCell.swift; sourceTree = "<group>"; };
		D786B9CC22E0F11200E18AB5 /* HeaderView.swift */ = {isa = PBXFileReference; lastKnownFileType = sourcecode.swift; path = HeaderView.swift; sourceTree = "<group>"; };
		D786B9CE22E0F13100E18AB5 /* HeaderViewModel.swift */ = {isa = PBXFileReference; lastKnownFileType = sourcecode.swift; path = HeaderViewModel.swift; sourceTree = "<group>"; };
		D7EE31E423636C7C004FDA51 /* enlargedView.swift */ = {isa = PBXFileReference; lastKnownFileType = sourcecode.swift; path = enlargedView.swift; sourceTree = "<group>"; };
		D7EE31E623636C96004FDA51 /* enlargedViewModel.swift */ = {isa = PBXFileReference; lastKnownFileType = sourcecode.swift; path = enlargedViewModel.swift; sourceTree = "<group>"; };
		E294BB060E66F06DE700B985 /* Pods_potterlyTests.framework */ = {isa = PBXFileReference; explicitFileType = wrapper.framework; includeInIndex = 0; path = Pods_potterlyTests.framework; sourceTree = BUILT_PRODUCTS_DIR; };
		E3BF3D15F7E6C210D546EAEB /* Pods-potterlyTests.debug.xcconfig */ = {isa = PBXFileReference; includeInIndex = 1; lastKnownFileType = text.xcconfig; name = "Pods-potterlyTests.debug.xcconfig"; path = "Target Support Files/Pods-potterlyTests/Pods-potterlyTests.debug.xcconfig"; sourceTree = "<group>"; };
/* End PBXFileReference section */

/* Begin PBXFrameworksBuildPhase section */
		D70ADA50229DA05A007AA724 /* Frameworks */ = {
			isa = PBXFrameworksBuildPhase;
			buildActionMask = 2147483647;
			files = (
				D4A64F8CC04A612B0C2100FD /* Pods_potterly.framework in Frameworks */,
			);
			runOnlyForDeploymentPostprocessing = 0;
		};
		D70ADA66229DA05C007AA724 /* Frameworks */ = {
			isa = PBXFrameworksBuildPhase;
			buildActionMask = 2147483647;
			files = (
				2DD319304AF142A58129E68D /* Pods_potterlyTests.framework in Frameworks */,
			);
			runOnlyForDeploymentPostprocessing = 0;
		};
		D70ADA71229DA05C007AA724 /* Frameworks */ = {
			isa = PBXFrameworksBuildPhase;
			buildActionMask = 2147483647;
			files = (
				4A293668E85C401410D3964B /* Pods_potterlyUITests.framework in Frameworks */,
			);
			runOnlyForDeploymentPostprocessing = 0;
		};
/* End PBXFrameworksBuildPhase section */

/* Begin PBXGroup section */
		A435B9BFDA5F4912BE9FA90F /* Frameworks */ = {
			isa = PBXGroup;
			children = (
				95985F7D8789406AA8AE389E /* Pods_potterly.framework */,
				E294BB060E66F06DE700B985 /* Pods_potterlyTests.framework */,
				546B51802731381C44B673FD /* Pods_potterlyUITests.framework */,
			);
			name = Frameworks;
			sourceTree = "<group>";
		};
		D70ADA4A229DA059007AA724 = {
			isa = PBXGroup;
			children = (
				D70ADA55229DA05A007AA724 /* potterly */,
				D70ADA6C229DA05C007AA724 /* potterlyTests */,
				D70ADA77229DA05C007AA724 /* potterlyUITests */,
				D70ADA54229DA05A007AA724 /* Products */,
				F35E93E2B15321AE1C5997B3 /* Pods */,
				A435B9BFDA5F4912BE9FA90F /* Frameworks */,
			);
			sourceTree = "<group>";
		};
		D70ADA54229DA05A007AA724 /* Products */ = {
			isa = PBXGroup;
			children = (
				D70ADA53229DA05A007AA724 /* potterly.app */,
				D70ADA69229DA05C007AA724 /* potterlyTests.xctest */,
				D70ADA74229DA05C007AA724 /* potterlyUITests.xctest */,
			);
			name = Products;
			sourceTree = "<group>";
		};
		D70ADA55229DA05A007AA724 /* potterly */ = {
			isa = PBXGroup;
			children = (
				D70ADA56229DA05A007AA724 /* AppDelegate.swift */,
				D7318B7222A96AD3009D14A9 /* Extensions.swift */,
				D786B9BB22DE2BA500E18AB5 /* Realm */,
				D786B9B922DE2B8400E18AB5 /* Tab Views */,
				D786B9B622DE2B5400E18AB5 /* Home Views */,
				D7318B7422A97ECC009D14A9 /* Note Views */,
				D786B9B322DD126D00E18AB5 /* Add Item */,
				D786B9B722DE2B6500E18AB5 /* Done Views */,
				D7318B6622A8239C009D14A9 /* fonts */,
				D70ADA5F229DA05C007AA724 /* Assets.xcassets */,
				D70ADA64229DA05C007AA724 /* Info.plist */,
			);
			path = potterly;
			sourceTree = "<group>";
		};
		D70ADA6C229DA05C007AA724 /* potterlyTests */ = {
			isa = PBXGroup;
			children = (
				D70ADA6D229DA05C007AA724 /* potterlyTests.swift */,
				D70ADA6F229DA05C007AA724 /* Info.plist */,
			);
			path = potterlyTests;
			sourceTree = "<group>";
		};
		D70ADA77229DA05C007AA724 /* potterlyUITests */ = {
			isa = PBXGroup;
			children = (
				D70ADA78229DA05C007AA724 /* potterlyUITests.swift */,
				D70ADA7A229DA05C007AA724 /* Info.plist */,
			);
			path = potterlyUITests;
			sourceTree = "<group>";
		};
		D7318B6622A8239C009D14A9 /* fonts */ = {
			isa = PBXGroup;
			children = (
				D786B9A822D661DB00E18AB5 /* SFMono-Medium.otf */,
				D786B9A922D661E500E18AB5 /* SFMono-Semibold.otf */,
				D70524BD2319991000534C96 /* SabonLTStd-Bold.otf */,
				D7318B6322A82365009D14A9 /* Karla-Regular.ttf */,
				D7318B6222A82362009D14A9 /* Karla-Bold.ttf */,
			);
			path = fonts;
			sourceTree = "<group>";
		};
		D7318B7422A97ECC009D14A9 /* Note Views */ = {
			isa = PBXGroup;
			children = (
				D7318B7022A86312009D14A9 /* NoteCell.swift */,
				D73CC20522A1A52A00B4A04B /* NotesTableView.swift */,
				D786B99E22C6734500E18AB5 /* NoteCellViewModel.swift */,
				D786B9A022C6738900E18AB5 /* TableViewModel.swift */,
				D7318B7522A97EE8009D14A9 /* NoteDetailView.swift */,
				D786B9AF22D7E48D00E18AB5 /* InsideNoteViewModel.swift */,
			);
			path = "Note Views";
			sourceTree = "<group>";
		};
		D786B9B322DD126D00E18AB5 /* Add Item */ = {
			isa = PBXGroup;
			children = (
				D786B9B122DD11FC00E18AB5 /* AddCeramicViewModel.swift */,
				D786B9C422DE481200E18AB5 /* AddCeramicView.swift */,
				D73CC20322A1A1E000B4A04B /* AddView.swift */,
			);
			path = "Add Item";
			sourceTree = "<group>";
		};
		D786B9B622DE2B5400E18AB5 /* Home Views */ = {
			isa = PBXGroup;
			children = (
				D786B9B422DE2B3800E18AB5 /* HomeViewModel.swift */,
				D73CC20722A1A55500B4A04B /* HomeView.swift */,
				D786B9C022DE2D0300E18AB5 /* StageViewModel.swift */,
				D786B9BE22DE2CFC00E18AB5 /* StageView.swift */,
				D7EE31E423636C7C004FDA51 /* enlargedView.swift */,
				D7EE31E623636C96004FDA51 /* enlargedViewModel.swift */,
				D786B9C822DF9BF000E18AB5 /* CeramicCellViewModel.swift */,
				D786B9CA22DFA04400E18AB5 /* CeramicCell.swift */,
			);
			path = "Home Views";
			sourceTree = "<group>";
		};
		D786B9B722DE2B6500E18AB5 /* Done Views */ = {
			isa = PBXGroup;
			children = (
				D73CC20922A1A59C00B4A04B /* DoneView.swift */,
				D786B9CC22E0F11200E18AB5 /* HeaderView.swift */,
				D786B9CE22E0F13100E18AB5 /* HeaderViewModel.swift */,
			);
			path = "Done Views";
			sourceTree = "<group>";
		};
		D786B9B922DE2B8400E18AB5 /* Tab Views */ = {
			isa = PBXGroup;
			children = (
				D786B9A222CCF52A00E18AB5 /* TabViewModel.swift */,
				D70ADA5A229DA05A007AA724 /* TabView.swift */,
			);
			path = "Tab Views";
			sourceTree = "<group>";
		};
		D786B9BB22DE2BA500E18AB5 /* Realm */ = {
			isa = PBXGroup;
			children = (
				D786B9A422CD061F00E18AB5 /* NotesRealm.swift */,
				D786B9BC22DE2BAF00E18AB5 /* CeramicRealm.swift */,
			);
			path = Realm;
			sourceTree = "<group>";
		};
		F35E93E2B15321AE1C5997B3 /* Pods */ = {
			isa = PBXGroup;
			children = (
				0DB27C20C43A86EE53E3AAFF /* Pods-potterly.debug.xcconfig */,
				BC7AEFD2A3C96C51C2099710 /* Pods-potterly.release.xcconfig */,
				E3BF3D15F7E6C210D546EAEB /* Pods-potterlyTests.debug.xcconfig */,
				8B3699060465E8B1DA885483 /* Pods-potterlyTests.release.xcconfig */,
				49B28CA9EAD3041EAAB4FEEE /* Pods-potterlyUITests.debug.xcconfig */,
				C131AFB8CFBB976B5C0CDBE0 /* Pods-potterlyUITests.release.xcconfig */,
			);
			path = Pods;
			sourceTree = "<group>";
		};
/* End PBXGroup section */

/* Begin PBXNativeTarget section */
		D70ADA52229DA05A007AA724 /* potterly */ = {
			isa = PBXNativeTarget;
			buildConfigurationList = D70ADA7D229DA05C007AA724 /* Build configuration list for PBXNativeTarget "potterly" */;
			buildPhases = (
				62812EB8A1FD81349E3FFA8E /* [CP] Check Pods Manifest.lock */,
				D70ADA4F229DA05A007AA724 /* Sources */,
				D70ADA50229DA05A007AA724 /* Frameworks */,
				D70ADA51229DA05A007AA724 /* Resources */,
				BF95C3B2955B3478D881D54E /* [CP] Embed Pods Frameworks */,
				D786B9D422EA2A6100E18AB5 /* ShellScript */,
			);
			buildRules = (
			);
			dependencies = (
			);
			name = potterly;
			productName = potterly;
			productReference = D70ADA53229DA05A007AA724 /* potterly.app */;
			productType = "com.apple.product-type.application";
		};
		D70ADA68229DA05C007AA724 /* potterlyTests */ = {
			isa = PBXNativeTarget;
			buildConfigurationList = D70ADA80229DA05C007AA724 /* Build configuration list for PBXNativeTarget "potterlyTests" */;
			buildPhases = (
				D4255084C08C0A2E589DE4B5 /* [CP] Check Pods Manifest.lock */,
				D70ADA65229DA05C007AA724 /* Sources */,
				D70ADA66229DA05C007AA724 /* Frameworks */,
				D70ADA67229DA05C007AA724 /* Resources */,
			);
			buildRules = (
			);
			dependencies = (
				D70ADA6B229DA05C007AA724 /* PBXTargetDependency */,
			);
			name = potterlyTests;
			productName = potterlyTests;
			productReference = D70ADA69229DA05C007AA724 /* potterlyTests.xctest */;
			productType = "com.apple.product-type.bundle.unit-test";
		};
		D70ADA73229DA05C007AA724 /* potterlyUITests */ = {
			isa = PBXNativeTarget;
			buildConfigurationList = D70ADA83229DA05C007AA724 /* Build configuration list for PBXNativeTarget "potterlyUITests" */;
			buildPhases = (
				7576FC88A2B5EE1893C98215 /* [CP] Check Pods Manifest.lock */,
				D70ADA70229DA05C007AA724 /* Sources */,
				D70ADA71229DA05C007AA724 /* Frameworks */,
				D70ADA72229DA05C007AA724 /* Resources */,
			);
			buildRules = (
			);
			dependencies = (
				D70ADA76229DA05C007AA724 /* PBXTargetDependency */,
			);
			name = potterlyUITests;
			productName = potterlyUITests;
			productReference = D70ADA74229DA05C007AA724 /* potterlyUITests.xctest */;
			productType = "com.apple.product-type.bundle.ui-testing";
		};
/* End PBXNativeTarget section */

/* Begin PBXProject section */
		D70ADA4B229DA05A007AA724 /* Project object */ = {
			isa = PBXProject;
			attributes = {
				LastSwiftUpdateCheck = 1020;
				LastUpgradeCheck = 1020;
				ORGANIZATIONNAME = "Lex Spirtes";
				TargetAttributes = {
					D70ADA52229DA05A007AA724 = {
						CreatedOnToolsVersion = 10.2.1;
					};
					D70ADA68229DA05C007AA724 = {
						CreatedOnToolsVersion = 10.2.1;
						TestTargetID = D70ADA52229DA05A007AA724;
					};
					D70ADA73229DA05C007AA724 = {
						CreatedOnToolsVersion = 10.2.1;
						TestTargetID = D70ADA52229DA05A007AA724;
					};
				};
			};
			buildConfigurationList = D70ADA4E229DA05A007AA724 /* Build configuration list for PBXProject "potterly" */;
			compatibilityVersion = "Xcode 9.3";
			developmentRegion = en;
			hasScannedForEncodings = 0;
			knownRegions = (
				en,
				Base,
			);
			mainGroup = D70ADA4A229DA059007AA724;
			productRefGroup = D70ADA54229DA05A007AA724 /* Products */;
			projectDirPath = "";
			projectRoot = "";
			targets = (
				D70ADA52229DA05A007AA724 /* potterly */,
				D70ADA68229DA05C007AA724 /* potterlyTests */,
				D70ADA73229DA05C007AA724 /* potterlyUITests */,
			);
		};
/* End PBXProject section */

/* Begin PBXResourcesBuildPhase section */
		D70ADA51229DA05A007AA724 /* Resources */ = {
			isa = PBXResourcesBuildPhase;
			buildActionMask = 2147483647;
			files = (
				D70524BE2319991000534C96 /* SabonLTStd-Bold.otf in Resources */,
				D786B9AA22D679E600E18AB5 /* SFMono-Medium.otf in Resources */,
				D7318B6522A82370009D14A9 /* Karla-Bold.ttf in Resources */,
				D70ADA60229DA05C007AA724 /* Assets.xcassets in Resources */,
				D786B9AB22D679E900E18AB5 /* SFMono-Semibold.otf in Resources */,
				D7318B6422A8236E009D14A9 /* Karla-Regular.ttf in Resources */,
			);
			runOnlyForDeploymentPostprocessing = 0;
		};
		D70ADA67229DA05C007AA724 /* Resources */ = {
			isa = PBXResourcesBuildPhase;
			buildActionMask = 2147483647;
			files = (
			);
			runOnlyForDeploymentPostprocessing = 0;
		};
		D70ADA72229DA05C007AA724 /* Resources */ = {
			isa = PBXResourcesBuildPhase;
			buildActionMask = 2147483647;
			files = (
			);
			runOnlyForDeploymentPostprocessing = 0;
		};
/* End PBXResourcesBuildPhase section */

/* Begin PBXShellScriptBuildPhase section */
		62812EB8A1FD81349E3FFA8E /* [CP] Check Pods Manifest.lock */ = {
			isa = PBXShellScriptBuildPhase;
			buildActionMask = 2147483647;
			files = (
			);
			inputFileListPaths = (
			);
			inputPaths = (
				"${PODS_PODFILE_DIR_PATH}/Podfile.lock",
				"${PODS_ROOT}/Manifest.lock",
			);
			name = "[CP] Check Pods Manifest.lock";
			outputFileListPaths = (
			);
			outputPaths = (
				"$(DERIVED_FILE_DIR)/Pods-potterly-checkManifestLockResult.txt",
			);
			runOnlyForDeploymentPostprocessing = 0;
			shellPath = /bin/sh;
			shellScript = "diff \"${PODS_PODFILE_DIR_PATH}/Podfile.lock\" \"${PODS_ROOT}/Manifest.lock\" > /dev/null\nif [ $? != 0 ] ; then\n    # print error to STDERR\n    echo \"error: The sandbox is not in sync with the Podfile.lock. Run 'pod install' or update your CocoaPods installation.\" >&2\n    exit 1\nfi\n# This output is used by Xcode 'outputs' to avoid re-running this script phase.\necho \"SUCCESS\" > \"${SCRIPT_OUTPUT_FILE_0}\"\n";
			showEnvVarsInLog = 0;
		};
		7576FC88A2B5EE1893C98215 /* [CP] Check Pods Manifest.lock */ = {
			isa = PBXShellScriptBuildPhase;
			buildActionMask = 2147483647;
			files = (
			);
			inputFileListPaths = (
			);
			inputPaths = (
				"${PODS_PODFILE_DIR_PATH}/Podfile.lock",
				"${PODS_ROOT}/Manifest.lock",
			);
			name = "[CP] Check Pods Manifest.lock";
			outputFileListPaths = (
			);
			outputPaths = (
				"$(DERIVED_FILE_DIR)/Pods-potterlyUITests-checkManifestLockResult.txt",
			);
			runOnlyForDeploymentPostprocessing = 0;
			shellPath = /bin/sh;
			shellScript = "diff \"${PODS_PODFILE_DIR_PATH}/Podfile.lock\" \"${PODS_ROOT}/Manifest.lock\" > /dev/null\nif [ $? != 0 ] ; then\n    # print error to STDERR\n    echo \"error: The sandbox is not in sync with the Podfile.lock. Run 'pod install' or update your CocoaPods installation.\" >&2\n    exit 1\nfi\n# This output is used by Xcode 'outputs' to avoid re-running this script phase.\necho \"SUCCESS\" > \"${SCRIPT_OUTPUT_FILE_0}\"\n";
			showEnvVarsInLog = 0;
		};
		BF95C3B2955B3478D881D54E /* [CP] Embed Pods Frameworks */ = {
			isa = PBXShellScriptBuildPhase;
			buildActionMask = 2147483647;
			files = (
			);
			inputFileListPaths = (
				"${PODS_ROOT}/Target Support Files/Pods-potterly/Pods-potterly-frameworks-${CONFIGURATION}-input-files.xcfilelist",
			);
			name = "[CP] Embed Pods Frameworks";
			outputFileListPaths = (
				"${PODS_ROOT}/Target Support Files/Pods-potterly/Pods-potterly-frameworks-${CONFIGURATION}-output-files.xcfilelist",
			);
			runOnlyForDeploymentPostprocessing = 0;
			shellPath = /bin/sh;
			shellScript = "\"${PODS_ROOT}/Target Support Files/Pods-potterly/Pods-potterly-frameworks.sh\"\n";
			showEnvVarsInLog = 0;
		};
		D4255084C08C0A2E589DE4B5 /* [CP] Check Pods Manifest.lock */ = {
			isa = PBXShellScriptBuildPhase;
			buildActionMask = 2147483647;
			files = (
			);
			inputFileListPaths = (
			);
			inputPaths = (
				"${PODS_PODFILE_DIR_PATH}/Podfile.lock",
				"${PODS_ROOT}/Manifest.lock",
			);
			name = "[CP] Check Pods Manifest.lock";
			outputFileListPaths = (
			);
			outputPaths = (
				"$(DERIVED_FILE_DIR)/Pods-potterlyTests-checkManifestLockResult.txt",
			);
			runOnlyForDeploymentPostprocessing = 0;
			shellPath = /bin/sh;
			shellScript = "diff \"${PODS_PODFILE_DIR_PATH}/Podfile.lock\" \"${PODS_ROOT}/Manifest.lock\" > /dev/null\nif [ $? != 0 ] ; then\n    # print error to STDERR\n    echo \"error: The sandbox is not in sync with the Podfile.lock. Run 'pod install' or update your CocoaPods installation.\" >&2\n    exit 1\nfi\n# This output is used by Xcode 'outputs' to avoid re-running this script phase.\necho \"SUCCESS\" > \"${SCRIPT_OUTPUT_FILE_0}\"\n";
			showEnvVarsInLog = 0;
		};
		D786B9D422EA2A6100E18AB5 /* ShellScript */ = {
			isa = PBXShellScriptBuildPhase;
			buildActionMask = 2147483647;
			files = (
			);
			inputFileListPaths = (
			);
			inputPaths = (
			);
			outputFileListPaths = (
			);
			outputPaths = (
			);
			runOnlyForDeploymentPostprocessing = 0;
			shellPath = /bin/sh;
			shellScript = "# Type a script or drag a script file from your workspace to insert its path.\n";
		};
/* End PBXShellScriptBuildPhase section */

/* Begin PBXSourcesBuildPhase section */
		D70ADA4F229DA05A007AA724 /* Sources */ = {
			isa = PBXSourcesBuildPhase;
			buildActionMask = 2147483647;
			files = (
				D786B9B522DE2B3800E18AB5 /* HomeViewModel.swift in Sources */,
				D73CC20822A1A55500B4A04B /* HomeView.swift in Sources */,
				D786B9A122C6738900E18AB5 /* TableViewModel.swift in Sources */,
				D7318B7622A97EE8009D14A9 /* NoteDetailView.swift in Sources */,
				D786B9BD22DE2BAF00E18AB5 /* CeramicRealm.swift in Sources */,
				D73CC20422A1A1E000B4A04B /* AddView.swift in Sources */,
				D70ADA5B229DA05A007AA724 /* TabView.swift in Sources */,
				D786B9A522CD061F00E18AB5 /* NotesRealm.swift in Sources */,
				D786B9A322CCF52A00E18AB5 /* TabViewModel.swift in Sources */,
				D7318B7122A86312009D14A9 /* NoteCell.swift in Sources */,
				D7EE31E723636C96004FDA51 /* enlargedViewModel.swift in Sources */,
				D70ADA57229DA05A007AA724 /* AppDelegate.swift in Sources */,
				D7EE31E523636C7C004FDA51 /* enlargedView.swift in Sources */,
				D786B9BF22DE2CFC00E18AB5 /* StageView.swift in Sources */,
				D786B9B022D7E48D00E18AB5 /* InsideNoteViewModel.swift in Sources */,
				D786B9CD22E0F11200E18AB5 /* HeaderView.swift in Sources */,
				D7318B7322A96AD3009D14A9 /* Extensions.swift in Sources */,
				D786B9B222DD11FC00E18AB5 /* AddCeramicViewModel.swift in Sources */,
				D786B9C922DF9BF000E18AB5 /* CeramicCellViewModel.swift in Sources */,
				D73CC20622A1A52A00B4A04B /* NotesTableView.swift in Sources */,
				D73CC20A22A1A59C00B4A04B /* DoneView.swift in Sources */,
				D786B99F22C6734500E18AB5 /* NoteCellViewModel.swift in Sources */,
				D786B9C122DE2D0300E18AB5 /* StageViewModel.swift in Sources */,
				D786B9CF22E0F13100E18AB5 /* HeaderViewModel.swift in Sources */,
				D786B9C522DE481200E18AB5 /* AddCeramicView.swift in Sources */,
				D786B9CB22DFA04400E18AB5 /* CeramicCell.swift in Sources */,
			);
			runOnlyForDeploymentPostprocessing = 0;
		};
		D70ADA65229DA05C007AA724 /* Sources */ = {
			isa = PBXSourcesBuildPhase;
			buildActionMask = 2147483647;
			files = (
				D70ADA6E229DA05C007AA724 /* potterlyTests.swift in Sources */,
			);
			runOnlyForDeploymentPostprocessing = 0;
		};
		D70ADA70229DA05C007AA724 /* Sources */ = {
			isa = PBXSourcesBuildPhase;
			buildActionMask = 2147483647;
			files = (
				D70ADA79229DA05C007AA724 /* potterlyUITests.swift in Sources */,
			);
			runOnlyForDeploymentPostprocessing = 0;
		};
/* End PBXSourcesBuildPhase section */

/* Begin PBXTargetDependency section */
		D70ADA6B229DA05C007AA724 /* PBXTargetDependency */ = {
			isa = PBXTargetDependency;
			target = D70ADA52229DA05A007AA724 /* potterly */;
			targetProxy = D70ADA6A229DA05C007AA724 /* PBXContainerItemProxy */;
		};
		D70ADA76229DA05C007AA724 /* PBXTargetDependency */ = {
			isa = PBXTargetDependency;
			target = D70ADA52229DA05A007AA724 /* potterly */;
			targetProxy = D70ADA75229DA05C007AA724 /* PBXContainerItemProxy */;
		};
/* End PBXTargetDependency section */

/* Begin XCBuildConfiguration section */
		D70ADA7B229DA05C007AA724 /* Debug */ = {
			isa = XCBuildConfiguration;
			buildSettings = {
				ALWAYS_SEARCH_USER_PATHS = NO;
				CLANG_ANALYZER_NONNULL = YES;
				CLANG_ANALYZER_NUMBER_OBJECT_CONVERSION = YES_AGGRESSIVE;
				CLANG_CXX_LANGUAGE_STANDARD = "gnu++14";
				CLANG_CXX_LIBRARY = "libc++";
				CLANG_ENABLE_MODULES = YES;
				CLANG_ENABLE_OBJC_ARC = YES;
				CLANG_ENABLE_OBJC_WEAK = YES;
				CLANG_WARN_BLOCK_CAPTURE_AUTORELEASING = YES;
				CLANG_WARN_BOOL_CONVERSION = YES;
				CLANG_WARN_COMMA = YES;
				CLANG_WARN_CONSTANT_CONVERSION = YES;
				CLANG_WARN_DEPRECATED_OBJC_IMPLEMENTATIONS = YES;
				CLANG_WARN_DIRECT_OBJC_ISA_USAGE = YES_ERROR;
				CLANG_WARN_DOCUMENTATION_COMMENTS = YES;
				CLANG_WARN_EMPTY_BODY = YES;
				CLANG_WARN_ENUM_CONVERSION = YES;
				CLANG_WARN_INFINITE_RECURSION = YES;
				CLANG_WARN_INT_CONVERSION = YES;
				CLANG_WARN_NON_LITERAL_NULL_CONVERSION = YES;
				CLANG_WARN_OBJC_IMPLICIT_RETAIN_SELF = YES;
				CLANG_WARN_OBJC_LITERAL_CONVERSION = YES;
				CLANG_WARN_OBJC_ROOT_CLASS = YES_ERROR;
				CLANG_WARN_RANGE_LOOP_ANALYSIS = YES;
				CLANG_WARN_STRICT_PROTOTYPES = YES;
				CLANG_WARN_SUSPICIOUS_MOVE = YES;
				CLANG_WARN_UNGUARDED_AVAILABILITY = YES_AGGRESSIVE;
				CLANG_WARN_UNREACHABLE_CODE = YES;
				CLANG_WARN__DUPLICATE_METHOD_MATCH = YES;
				CODE_SIGN_IDENTITY = "iPhone Developer";
				COPY_PHASE_STRIP = NO;
				DEBUG_INFORMATION_FORMAT = dwarf;
				ENABLE_STRICT_OBJC_MSGSEND = YES;
				ENABLE_TESTABILITY = YES;
				GCC_C_LANGUAGE_STANDARD = gnu11;
				GCC_DYNAMIC_NO_PIC = NO;
				GCC_NO_COMMON_BLOCKS = YES;
				GCC_OPTIMIZATION_LEVEL = 0;
				GCC_PREPROCESSOR_DEFINITIONS = (
					"DEBUG=1",
					"$(inherited)",
				);
				GCC_WARN_64_TO_32_BIT_CONVERSION = YES;
				GCC_WARN_ABOUT_RETURN_TYPE = YES_ERROR;
				GCC_WARN_UNDECLARED_SELECTOR = YES;
				GCC_WARN_UNINITIALIZED_AUTOS = YES_AGGRESSIVE;
				GCC_WARN_UNUSED_FUNCTION = YES;
				GCC_WARN_UNUSED_VARIABLE = YES;
				IPHONEOS_DEPLOYMENT_TARGET = 12.2;
				MTL_ENABLE_DEBUG_INFO = INCLUDE_SOURCE;
				MTL_FAST_MATH = YES;
				ONLY_ACTIVE_ARCH = YES;
				SDKROOT = iphoneos;
				SWIFT_ACTIVE_COMPILATION_CONDITIONS = DEBUG;
				SWIFT_OPTIMIZATION_LEVEL = "-Onone";
			};
			name = Debug;
		};
		D70ADA7C229DA05C007AA724 /* Release */ = {
			isa = XCBuildConfiguration;
			buildSettings = {
				ALWAYS_SEARCH_USER_PATHS = NO;
				CLANG_ANALYZER_NONNULL = YES;
				CLANG_ANALYZER_NUMBER_OBJECT_CONVERSION = YES_AGGRESSIVE;
				CLANG_CXX_LANGUAGE_STANDARD = "gnu++14";
				CLANG_CXX_LIBRARY = "libc++";
				CLANG_ENABLE_MODULES = YES;
				CLANG_ENABLE_OBJC_ARC = YES;
				CLANG_ENABLE_OBJC_WEAK = YES;
				CLANG_WARN_BLOCK_CAPTURE_AUTORELEASING = YES;
				CLANG_WARN_BOOL_CONVERSION = YES;
				CLANG_WARN_COMMA = YES;
				CLANG_WARN_CONSTANT_CONVERSION = YES;
				CLANG_WARN_DEPRECATED_OBJC_IMPLEMENTATIONS = YES;
				CLANG_WARN_DIRECT_OBJC_ISA_USAGE = YES_ERROR;
				CLANG_WARN_DOCUMENTATION_COMMENTS = YES;
				CLANG_WARN_EMPTY_BODY = YES;
				CLANG_WARN_ENUM_CONVERSION = YES;
				CLANG_WARN_INFINITE_RECURSION = YES;
				CLANG_WARN_INT_CONVERSION = YES;
				CLANG_WARN_NON_LITERAL_NULL_CONVERSION = YES;
				CLANG_WARN_OBJC_IMPLICIT_RETAIN_SELF = YES;
				CLANG_WARN_OBJC_LITERAL_CONVERSION = YES;
				CLANG_WARN_OBJC_ROOT_CLASS = YES_ERROR;
				CLANG_WARN_RANGE_LOOP_ANALYSIS = YES;
				CLANG_WARN_STRICT_PROTOTYPES = YES;
				CLANG_WARN_SUSPICIOUS_MOVE = YES;
				CLANG_WARN_UNGUARDED_AVAILABILITY = YES_AGGRESSIVE;
				CLANG_WARN_UNREACHABLE_CODE = YES;
				CLANG_WARN__DUPLICATE_METHOD_MATCH = YES;
				CODE_SIGN_IDENTITY = "iPhone Developer";
				COPY_PHASE_STRIP = NO;
				DEBUG_INFORMATION_FORMAT = "dwarf-with-dsym";
				ENABLE_NS_ASSERTIONS = NO;
				ENABLE_STRICT_OBJC_MSGSEND = YES;
				GCC_C_LANGUAGE_STANDARD = gnu11;
				GCC_NO_COMMON_BLOCKS = YES;
				GCC_WARN_64_TO_32_BIT_CONVERSION = YES;
				GCC_WARN_ABOUT_RETURN_TYPE = YES_ERROR;
				GCC_WARN_UNDECLARED_SELECTOR = YES;
				GCC_WARN_UNINITIALIZED_AUTOS = YES_AGGRESSIVE;
				GCC_WARN_UNUSED_FUNCTION = YES;
				GCC_WARN_UNUSED_VARIABLE = YES;
				IPHONEOS_DEPLOYMENT_TARGET = 12.2;
				MTL_ENABLE_DEBUG_INFO = NO;
				MTL_FAST_MATH = YES;
				SDKROOT = iphoneos;
				SWIFT_COMPILATION_MODE = wholemodule;
				SWIFT_OPTIMIZATION_LEVEL = "-O";
				VALIDATE_PRODUCT = YES;
			};
			name = Release;
		};
		D70ADA7E229DA05C007AA724 /* Debug */ = {
			isa = XCBuildConfiguration;
			baseConfigurationReference = 0DB27C20C43A86EE53E3AAFF /* Pods-potterly.debug.xcconfig */;
			buildSettings = {
				ASSETCATALOG_COMPILER_APPICON_NAME = AppIcon;
				CODE_SIGN_STYLE = Automatic;
				DEVELOPMENT_TEAM = 2Y7X442793;
				INFOPLIST_FILE = potterly/Info.plist;
				LD_RUNPATH_SEARCH_PATHS = (
					"$(inherited)",
					"@executable_path/Frameworks",
				);
				PRODUCT_BUNDLE_IDENTIFIER = self.potterly;
				PRODUCT_NAME = "$(TARGET_NAME)";
				SWIFT_VERSION = 5.0;
				TARGETED_DEVICE_FAMILY = "1,2";
			};
			name = Debug;
		};
		D70ADA7F229DA05C007AA724 /* Release */ = {
			isa = XCBuildConfiguration;
			baseConfigurationReference = BC7AEFD2A3C96C51C2099710 /* Pods-potterly.release.xcconfig */;
			buildSettings = {
				ASSETCATALOG_COMPILER_APPICON_NAME = AppIcon;
				CODE_SIGN_STYLE = Automatic;
				DEVELOPMENT_TEAM = 2Y7X442793;
				INFOPLIST_FILE = potterly/Info.plist;
				LD_RUNPATH_SEARCH_PATHS = (
					"$(inherited)",
					"@executable_path/Frameworks",
				);
				PRODUCT_BUNDLE_IDENTIFIER = self.potterly;
				PRODUCT_NAME = "$(TARGET_NAME)";
				SWIFT_VERSION = 5.0;
				TARGETED_DEVICE_FAMILY = "1,2";
			};
			name = Release;
		};
		D70ADA81229DA05C007AA724 /* Debug */ = {
			isa = XCBuildConfiguration;
			baseConfigurationReference = E3BF3D15F7E6C210D546EAEB /* Pods-potterlyTests.debug.xcconfig */;
			buildSettings = {
				ALWAYS_EMBED_SWIFT_STANDARD_LIBRARIES = YES;
				BUNDLE_LOADER = "$(TEST_HOST)";
				CODE_SIGN_STYLE = Automatic;
				DEVELOPMENT_TEAM = 2Y7X442793;
				INFOPLIST_FILE = potterlyTests/Info.plist;
				LD_RUNPATH_SEARCH_PATHS = (
					"$(inherited)",
					"@executable_path/Frameworks",
					"@loader_path/Frameworks",
				);
				PRODUCT_BUNDLE_IDENTIFIER = self.potterlyTests;
				PRODUCT_NAME = "$(TARGET_NAME)";
				SWIFT_VERSION = 5.0;
				TARGETED_DEVICE_FAMILY = "1,2";
				TEST_HOST = "$(BUILT_PRODUCTS_DIR)/potterly.app/potterly";
			};
			name = Debug;
		};
		D70ADA82229DA05C007AA724 /* Release */ = {
			isa = XCBuildConfiguration;
			baseConfigurationReference = 8B3699060465E8B1DA885483 /* Pods-potterlyTests.release.xcconfig */;
			buildSettings = {
				ALWAYS_EMBED_SWIFT_STANDARD_LIBRARIES = YES;
				BUNDLE_LOADER = "$(TEST_HOST)";
				CODE_SIGN_STYLE = Automatic;
				DEVELOPMENT_TEAM = 2Y7X442793;
				INFOPLIST_FILE = potterlyTests/Info.plist;
				LD_RUNPATH_SEARCH_PATHS = (
					"$(inherited)",
					"@executable_path/Frameworks",
					"@loader_path/Frameworks",
				);
				PRODUCT_BUNDLE_IDENTIFIER = self.potterlyTests;
				PRODUCT_NAME = "$(TARGET_NAME)";
				SWIFT_VERSION = 5.0;
				TARGETED_DEVICE_FAMILY = "1,2";
				TEST_HOST = "$(BUILT_PRODUCTS_DIR)/potterly.app/potterly";
			};
			name = Release;
		};
		D70ADA84229DA05C007AA724 /* Debug */ = {
			isa = XCBuildConfiguration;
			baseConfigurationReference = 49B28CA9EAD3041EAAB4FEEE /* Pods-potterlyUITests.debug.xcconfig */;
			buildSettings = {
				ALWAYS_EMBED_SWIFT_STANDARD_LIBRARIES = YES;
				CODE_SIGN_STYLE = Automatic;
				DEVELOPMENT_TEAM = 2Y7X442793;
				INFOPLIST_FILE = potterlyUITests/Info.plist;
				LD_RUNPATH_SEARCH_PATHS = (
					"$(inherited)",
					"@executable_path/Frameworks",
					"@loader_path/Frameworks",
				);
				PRODUCT_BUNDLE_IDENTIFIER = self.potterlyUITests;
				PRODUCT_NAME = "$(TARGET_NAME)";
				SWIFT_VERSION = 5.0;
				TARGETED_DEVICE_FAMILY = "1,2";
				TEST_TARGET_NAME = potterly;
			};
			name = Debug;
		};
		D70ADA85229DA05C007AA724 /* Release */ = {
			isa = XCBuildConfiguration;
			baseConfigurationReference = C131AFB8CFBB976B5C0CDBE0 /* Pods-potterlyUITests.release.xcconfig */;
			buildSettings = {
				ALWAYS_EMBED_SWIFT_STANDARD_LIBRARIES = YES;
				CODE_SIGN_STYLE = Automatic;
				DEVELOPMENT_TEAM = 2Y7X442793;
				INFOPLIST_FILE = potterlyUITests/Info.plist;
				LD_RUNPATH_SEARCH_PATHS = (
					"$(inherited)",
					"@executable_path/Frameworks",
					"@loader_path/Frameworks",
				);
				PRODUCT_BUNDLE_IDENTIFIER = self.potterlyUITests;
				PRODUCT_NAME = "$(TARGET_NAME)";
				SWIFT_VERSION = 5.0;
				TARGETED_DEVICE_FAMILY = "1,2";
				TEST_TARGET_NAME = potterly;
			};
			name = Release;
		};
/* End XCBuildConfiguration section */

/* Begin XCConfigurationList section */
		D70ADA4E229DA05A007AA724 /* Build configuration list for PBXProject "potterly" */ = {
			isa = XCConfigurationList;
			buildConfigurations = (
				D70ADA7B229DA05C007AA724 /* Debug */,
				D70ADA7C229DA05C007AA724 /* Release */,
			);
			defaultConfigurationIsVisible = 0;
			defaultConfigurationName = Release;
		};
		D70ADA7D229DA05C007AA724 /* Build configuration list for PBXNativeTarget "potterly" */ = {
			isa = XCConfigurationList;
			buildConfigurations = (
				D70ADA7E229DA05C007AA724 /* Debug */,
				D70ADA7F229DA05C007AA724 /* Release */,
			);
			defaultConfigurationIsVisible = 0;
			defaultConfigurationName = Release;
		};
		D70ADA80229DA05C007AA724 /* Build configuration list for PBXNativeTarget "potterlyTests" */ = {
			isa = XCConfigurationList;
			buildConfigurations = (
				D70ADA81229DA05C007AA724 /* Debug */,
				D70ADA82229DA05C007AA724 /* Release */,
			);
			defaultConfigurationIsVisible = 0;
			defaultConfigurationName = Release;
		};
		D70ADA83229DA05C007AA724 /* Build configuration list for PBXNativeTarget "potterlyUITests" */ = {
			isa = XCConfigurationList;
			buildConfigurations = (
				D70ADA84229DA05C007AA724 /* Debug */,
				D70ADA85229DA05C007AA724 /* Release */,
			);
			defaultConfigurationIsVisible = 0;
			defaultConfigurationName = Release;
		};
/* End XCConfigurationList section */
	};
	rootObject = D70ADA4B229DA05A007AA724 /* Project object */;
}
